
Microsoft Visual Studio Solution File, Format Version 12.00
# Visual Studio Version 17
VisualStudioVersion = 17.5.002.0
MinimumVisualStudioVersion = 10.0.40219.1
Project("{9A19103F-16F7-4668-BE54-9A1E7A4F7556}") = "Exo.WebApi", "Exo.WebApi.csproj", "{47E3E256-6E8C-4A23-9484-9FF6CA4743F0}"
EndProject
Global
	GlobalSection(SolutionConfigurationPlatforms) = preSolution
		Debug|Any CPU = Debug|Any CPU
		Release|Any CPU = Release|Any CPU
	EndGlobalSection
	GlobalSection(ProjectConfigurationPlatforms) = postSolution
		{47E3E256-6E8C-4A23-9484-9FF6CA4743F0}.Debug|Any CPU.ActiveCfg = Debug|Any CPU
		{47E3E256-6E8C-4A23-9484-9FF6CA4743F0}.Debug|Any CPU.Build.0 = Debug|Any CPU
		{47E3E256-6E8C-4A23-9484-9FF6CA4743F0}.Release|Any CPU.ActiveCfg = Release|Any CPU
		{47E3E256-6E8C-4A23-9484-9FF6CA4743F0}.Release|Any CPU.Build.0 = Release|Any CPU
	EndGlobalSection
	GlobalSection(SolutionProperties) = preSolution
		HideSolutionNode = FALSE
	EndGlobalSection
	GlobalSection(ExtensibilityGlobals) = postSolution
		SolutionGuid = {5744A3E0-04CA-4826-98E8-C096B3A68F5B}
	EndGlobalSection
EndGlobal
